
Microsoft Visual Studio Solution File, Format Version 12.00
# Visual Studio 15
VisualStudioVersion = 15.0.28307.168
MinimumVisualStudioVersion = 10.0.40219.1
Project("{FAE04EC0-301F-11D3-BF4B-00C04F79EFBC}") = "arduinoDoorProject", "arduinoDoorProject\arduinoDoorProject.csproj", "{4F7AF2A8-A185-4A82-8594-AC4BFCF2CDA4}"
EndProject
Global
	GlobalSection(SolutionConfigurationPlatforms) = preSolution
		Debug|Any CPU = Debug|Any CPU
		Release|Any CPU = Release|Any CPU
	EndGlobalSection
	GlobalSection(ProjectConfigurationPlatforms) = postSolution
		{4F7AF2A8-A185-4A82-8594-AC4BFCF2CDA4}.Debug|Any CPU.ActiveCfg = Debug|Any CPU
		{4F7AF2A8-A185-4A82-8594-AC4BFCF2CDA4}.Debug|Any CPU.Build.0 = Debug|Any CPU
		{4F7AF2A8-A185-4A82-8594-AC4BFCF2CDA4}.Release|Any CPU.ActiveCfg = Release|Any CPU
		{4F7AF2A8-A185-4A82-8594-AC4BFCF2CDA4}.Release|Any CPU.Build.0 = Release|Any CPU
	EndGlobalSection
	GlobalSection(SolutionProperties) = preSolution
		HideSolutionNode = FALSE
	EndGlobalSection
	GlobalSection(ExtensibilityGlobals) = postSolution
		SolutionGuid = {71C10CF2-C067-400A-A322-26282831583A}
	EndGlobalSection
EndGlobal
